PODS:
  - boost-for-react-native (1.63.0)
  - CocoaLumberjack (3.4.2):
    - CocoaLumberjack/Default (= 3.4.2)
    - CocoaLumberjack/Extensions (= 3.4.2)
  - CocoaLumberjack/Default (3.4.2)
  - CocoaLumberjack/Extensions (3.4.2):
    - CocoaLumberjack/Default
  - DoubleConversion (1.1.6)
  - Folly (2016.10.31.00):
    - boost-for-react-native
    - DoubleConversion
    - glog
  - glog (0.3.5)
  - Jet (0.2.1):
    - React
  - React (0.57.1):
    - React/Core (= 0.57.1)
  - react-native-voximplant (1.5.0):
    - React
    - VoxImplantSDK (= 2.18.0)
  - React/Core (0.57.1):
    - yoga (= 0.57.1.React)
  - React/CxxBridge (0.57.1):
    - Folly (= 2016.10.31.00)
    - React/Core
    - React/cxxreact
  - React/cxxreact (0.57.1):
    - boost-for-react-native (= 1.63.0)
    - Folly (= 2016.10.31.00)
    - React/jschelpers
    - React/jsinspector
  - React/DevSupport (0.57.1):
    - React/Core
    - React/RCTWebSocket
  - React/fishhook (0.57.1)
  - React/jschelpers (0.57.1):
    - Folly (= 2016.10.31.00)
    - React/PrivateDatabase
  - React/jsinspector (0.57.1)
  - React/PrivateDatabase (0.57.1)
  - React/RCTBlob (0.57.1):
    - React/Core
  - React/RCTLinkingIOS (0.57.1):
    - React/Core
  - React/RCTNetwork (0.57.1):
    - React/Core
  - React/RCTText (0.57.1):
    - React/Core
  - React/RCTWebSocket (0.57.1):
    - React/Core
    - React/fishhook
    - React/RCTBlob
  - SocketRocket (0.5.1)
  - VoxImplantSDK (2.18.0):
    - CocoaLumberjack (~> 3.4.0)
    - SocketRocket (~> 0.5.1)
    - VoxImplantWebRTC (= 66.0.3)
  - VoxImplantWebRTC (66.0.3)
  - yoga (0.57.1.React)

DEPENDENCIES:
  - DoubleConversion (from `../node_modules/react-native/third-party-podspecs/DoubleConversion.podspec`)
  - Folly (from `../node_modules/react-native/third-party-podspecs/Folly.podspec`)
  - glog (from `../node_modules/react-native/third-party-podspecs/GLog.podspec`)
  - Jet (from `../node_modules/jet/ios/Jet.podspec`)
  - react-native-voximplant (from `../../react-native-voximplant.podspec`)
  - React/Core (from `../node_modules/react-native`)
  - React/CxxBridge (from `../node_modules/react-native`)
  - React/DevSupport (from `../node_modules/react-native`)
  - React/RCTLinkingIOS (from `../node_modules/react-native`)
  - React/RCTNetwork (from `../node_modules/react-native`)
  - React/RCTText (from `../node_modules/react-native`)
  - React/RCTWebSocket (from `../node_modules/react-native`)
  - yoga (from `../node_modules/react-native/ReactCommon/yoga`)

SPEC REPOS:
  https://github.com/cocoapods/specs.git:
    - boost-for-react-native
    - CocoaLumberjack
    - SocketRocket
    - VoxImplantSDK
    - VoxImplantWebRTC

EXTERNAL SOURCES:
  DoubleConversion:
    :podspec: "../node_modules/react-native/third-party-podspecs/DoubleConversion.podspec"
  Folly:
    :podspec: "../node_modules/react-native/third-party-podspecs/Folly.podspec"
  glog:
    :podspec: "../node_modules/react-native/third-party-podspecs/GLog.podspec"
  Jet:
    :path: "../node_modules/jet/ios/Jet.podspec"
  React:
    :path: "../node_modules/react-native"
  react-native-voximplant:
    :path: "../../react-native-voximplant.podspec"
  yoga:
    :path: "../node_modules/react-native/ReactCommon/yoga"

SPEC CHECKSUMS:
  boost-for-react-native: 39c7adb57c4e60d6c5479dd8623128eb5b3f0f2c
  CocoaLumberjack: db7cc9e464771f12054c22ff6947c5a58d43a0fd
  DoubleConversion: bb338842f62ab1d708ceb63ec3d999f0f3d98ecd
  Folly: c89ac2d5c6ab169cd7397ef27485c44f35f742c7
  glog: e8acf0ebbf99759d3ff18c86c292a5898282dcde
  Jet: 5748d9e6ccc47b646859282fc25d1b063540e981
  React: 1fe0eb13d90b625d94c3b117c274dcfd2e760e11
  react-native-voximplant: 3ccdbd2bd96ea2ecd67e8cd89678f874c4fe5781
  SocketRocket: d57c7159b83c3c6655745cd15302aa24b6bae531
  VoxImplantSDK: 25a875f9d64e9251a5d83e54d27ecb23355fb487
  VoxImplantWebRTC: 25b4d834b77e42285b11822b5d885431c3411a2b
  yoga: b1ce48b6cf950b98deae82838f5173ea7cf89e85

PODFILE CHECKSUM: a5056eb18a83a37da820ef43024ba1d08fe4995f

COCOAPODS: 1.5.3
