// !$*UTF8*$!
{
	archiveVersion = 1;
	classes = {
	};
	objectVersion = 46;
	objects = {

/* Begin PBXBuildFile section */
		F296F6CA2BA8465000D9A0CE /* RNVIConstants.m in Sources */ = {isa = PBXBuildFile; fileRef = F296F6B12BA8464F00D9A0CE /* RNVIConstants.m */; };
		F296F6CB2BA8465000D9A0CE /* RNVIVideoViewManager.m in Sources */ = {isa = PBXBuildFile; fileRef = F296F6B32BA8464F00D9A0CE /* RNVIVideoViewManager.m */; };
		F296F6CC2BA8465000D9A0CE /* RNVIVideoView.mm in Sources */ = {isa = PBXBuildFile; fileRef = F296F6B52BA8464F00D9A0CE /* RNVIVideoView.mm */; };
		F296F6CD2BA8465000D9A0CE /* RNVICallModule.m in Sources */ = {isa = PBXBuildFile; fileRef = F296F6B82BA8464F00D9A0CE /* RNVICallModule.m */; };
		F296F6CE2BA8465000D9A0CE /* RNVICameraModule.m in Sources */ = {isa = PBXBuildFile; fileRef = F296F6B92BA8464F00D9A0CE /* RNVICameraModule.m */; };
		F296F6CF2BA8465000D9A0CE /* RNVIUtils.m in Sources */ = {isa = PBXBuildFile; fileRef = F296F6BA2BA8464F00D9A0CE /* RNVIUtils.m */; };
		F296F6D02BA8465000D9A0CE /* RNVIAudioDeviceModule.m in Sources */ = {isa = PBXBuildFile; fileRef = F296F6BC2BA8464F00D9A0CE /* RNVIAudioDeviceModule.m */; };
		F296F6D12BA8465000D9A0CE /* RNVIVideoViewImpl.m in Sources */ = {isa = PBXBuildFile; fileRef = F296F6BD2BA8464F00D9A0CE /* RNVIVideoViewImpl.m */; };
		F296F6D22BA8465000D9A0CE /* RNVIClientModule.m in Sources */ = {isa = PBXBuildFile; fileRef = F296F6BE2BA8464F00D9A0CE /* RNVIClientModule.m */; };
		F296F6D32BA8465000D9A0CE /* RNVIAudioFileModule.m in Sources */ = {isa = PBXBuildFile; fileRef = F296F6BF2BA8464F00D9A0CE /* RNVIAudioFileModule.m */; };
		F296F6D42BA8465000D9A0CE /* RNVIMessagingModule.m in Sources */ = {isa = PBXBuildFile; fileRef = F296F6C02BA8464F00D9A0CE /* RNVIMessagingModule.m */; };
		F296F6D52BA8465000D9A0CE /* RNVIAudioFileManager.m in Sources */ = {isa = PBXBuildFile; fileRef = F296F6C52BA8465000D9A0CE /* RNVIAudioFileManager.m */; };
		F296F6D62BA8465000D9A0CE /* RNVICallManager.m in Sources */ = {isa = PBXBuildFile; fileRef = F296F6C92BA8465000D9A0CE /* RNVICallManager.m */; };
/* End PBXBuildFile section */

/* Begin PBXCopyFilesBuildPhase section */
		B26F1CF222EB109A00535E6F /* CopyFiles */ = {
			isa = PBXCopyFilesBuildPhase;
			buildActionMask = 2147483647;
			dstPath = "include/$(PRODUCT_NAME)";
			dstSubfolderSpec = 16;
			files = (
			);
			runOnlyForDeploymentPostprocessing = 0;
		};
/* End PBXCopyFilesBuildPhase section */

/* Begin PBXFileReference section */
		B26F1CF422EB109A00535E6F /* libRNVoximplant.a */ = {isa = PBXFileReference; explicitFileType = archive.ar; includeInIndex = 0; path = libRNVoximplant.a; sourceTree = BUILT_PRODUCTS_DIR; };
		F296F6B12BA8464F00D9A0CE /* RNVIConstants.m */ = {isa = PBXFileReference; fileEncoding = 4; lastKnownFileType = sourcecode.c.objc; path = RNVIConstants.m; sourceTree = "<group>"; };
		F296F6B22BA8464F00D9A0CE /* RNVIMessagingModule.h */ = {isa = PBXFileReference; fileEncoding = 4; lastKnownFileType = sourcecode.c.h; path = RNVIMessagingModule.h; sourceTree = "<group>"; };
		F296F6B32BA8464F00D9A0CE /* RNVIVideoViewManager.m */ = {isa = PBXFileReference; fileEncoding = 4; lastKnownFileType = sourcecode.c.objc; path = RNVIVideoViewManager.m; sourceTree = "<group>"; };
		F296F6B42BA8464F00D9A0CE /* RNVIClientModule.h */ = {isa = PBXFileReference; fileEncoding = 4; lastKnownFileType = sourcecode.c.h; path = RNVIClientModule.h; sourceTree = "<group>"; };
		F296F6B52BA8464F00D9A0CE /* RNVIVideoView.mm */ = {isa = PBXFileReference; fileEncoding = 4; lastKnownFileType = sourcecode.cpp.objcpp; path = RNVIVideoView.mm; sourceTree = "<group>"; };
		F296F6B62BA8464F00D9A0CE /* RNVIAudioDeviceModule.h */ = {isa = PBXFileReference; fileEncoding = 4; lastKnownFileType = sourcecode.c.h; path = RNVIAudioDeviceModule.h; sourceTree = "<group>"; };
		F296F6B72BA8464F00D9A0CE /* RNVIAudioFileModule.h */ = {isa = PBXFileReference; fileEncoding = 4; lastKnownFileType = sourcecode.c.h; path = RNVIAudioFileModule.h; sourceTree = "<group>"; };
		F296F6B82BA8464F00D9A0CE /* RNVICallModule.m */ = {isa = PBXFileReference; fileEncoding = 4; lastKnownFileType = sourcecode.c.objc; path = RNVICallModule.m; sourceTree = "<group>"; };
		F296F6B92BA8464F00D9A0CE /* RNVICameraModule.m */ = {isa = PBXFileReference; fileEncoding = 4; lastKnownFileType = sourcecode.c.objc; path = RNVICameraModule.m; sourceTree = "<group>"; };
		F296F6BA2BA8464F00D9A0CE /* RNVIUtils.m */ = {isa = PBXFileReference; fileEncoding = 4; lastKnownFileType = sourcecode.c.objc; path = RNVIUtils.m; sourceTree = "<group>"; };
		F296F6BB2BA8464F00D9A0CE /* RNVICallModule.h */ = {isa = PBXFileReference; fileEncoding = 4; lastKnownFileType = sourcecode.c.h; path = RNVICallModule.h; sourceTree = "<group>"; };
		F296F6BC2BA8464F00D9A0CE /* RNVIAudioDeviceModule.m */ = {isa = PBXFileReference; fileEncoding = 4; lastKnownFileType = sourcecode.c.objc; path = RNVIAudioDeviceModule.m; sourceTree = "<group>"; };
		F296F6BD2BA8464F00D9A0CE /* RNVIVideoViewImpl.m */ = {isa = PBXFileReference; fileEncoding = 4; lastKnownFileType = sourcecode.c.objc; path = RNVIVideoViewImpl.m; sourceTree = "<group>"; };
		F296F6BE2BA8464F00D9A0CE /* RNVIClientModule.m */ = {isa = PBXFileReference; fileEncoding = 4; lastKnownFileType = sourcecode.c.objc; path = RNVIClientModule.m; sourceTree = "<group>"; };
		F296F6BF2BA8464F00D9A0CE /* RNVIAudioFileModule.m */ = {isa = PBXFileReference; fileEncoding = 4; lastKnownFileType = sourcecode.c.objc; path = RNVIAudioFileModule.m; sourceTree = "<group>"; };
		F296F6C02BA8464F00D9A0CE /* RNVIMessagingModule.m */ = {isa = PBXFileReference; fileEncoding = 4; lastKnownFileType = sourcecode.c.objc; path = RNVIMessagingModule.m; sourceTree = "<group>"; };
		F296F6C12BA8464F00D9A0CE /* RNVICameraModule.h */ = {isa = PBXFileReference; fileEncoding = 4; lastKnownFileType = sourcecode.c.h; path = RNVICameraModule.h; sourceTree = "<group>"; };
		F296F6C22BA8464F00D9A0CE /* RNVICallManager.h */ = {isa = PBXFileReference; fileEncoding = 4; lastKnownFileType = sourcecode.c.h; path = RNVICallManager.h; sourceTree = "<group>"; };
		F296F6C32BA8464F00D9A0CE /* RNVIVideoViewImpl.h */ = {isa = PBXFileReference; fileEncoding = 4; lastKnownFileType = sourcecode.c.h; path = RNVIVideoViewImpl.h; sourceTree = "<group>"; };
		F296F6C42BA8464F00D9A0CE /* RNVIConstants.h */ = {isa = PBXFileReference; fileEncoding = 4; lastKnownFileType = sourcecode.c.h; path = RNVIConstants.h; sourceTree = "<group>"; };
		F296F6C52BA8465000D9A0CE /* RNVIAudioFileManager.m */ = {isa = PBXFileReference; fileEncoding = 4; lastKnownFileType = sourcecode.c.objc; path = RNVIAudioFileManager.m; sourceTree = "<group>"; };
		F296F6C62BA8465000D9A0CE /* RNVIUtils.h */ = {isa = PBXFileReference; fileEncoding = 4; lastKnownFileType = sourcecode.c.h; path = RNVIUtils.h; sourceTree = "<group>"; };
		F296F6C72BA8465000D9A0CE /* RNVIAudioFileManager.h */ = {isa = PBXFileReference; fileEncoding = 4; lastKnownFileType = sourcecode.c.h; path = RNVIAudioFileManager.h; sourceTree = "<group>"; };
		F296F6C82BA8465000D9A0CE /* RNVIVideoView.h */ = {isa = PBXFileReference; fileEncoding = 4; lastKnownFileType = sourcecode.c.h; path = RNVIVideoView.h; sourceTree = "<group>"; };
		F296F6C92BA8465000D9A0CE /* RNVICallManager.m */ = {isa = PBXFileReference; fileEncoding = 4; lastKnownFileType = sourcecode.c.objc; path = RNVICallManager.m; sourceTree = "<group>"; };
/* End PBXFileReference section */

/* Begin PBXFrameworksBuildPhase section */
		B26F1CF122EB109A00535E6F /* Frameworks */ = {
			isa = PBXFrameworksBuildPhase;
			buildActionMask = 2147483647;
			files = (
			);
			runOnlyForDeploymentPostprocessing = 0;
		};
/* End PBXFrameworksBuildPhase section */

/* Begin PBXGroup section */
		134814211AA4EA7D00B7C361 /* Products */ = {
			isa = PBXGroup;
			children = (
			);
			name = Products;
			sourceTree = "<group>";
		};
		58B511D21A9E6C8500147676 = {
			isa = PBXGroup;
			children = (
				F296F6B62BA8464F00D9A0CE /* RNVIAudioDeviceModule.h */,
				F296F6BC2BA8464F00D9A0CE /* RNVIAudioDeviceModule.m */,
				F296F6C72BA8465000D9A0CE /* RNVIAudioFileManager.h */,
				F296F6C52BA8465000D9A0CE /* RNVIAudioFileManager.m */,
				F296F6B72BA8464F00D9A0CE /* RNVIAudioFileModule.h */,
				F296F6BF2BA8464F00D9A0CE /* RNVIAudioFileModule.m */,
				F296F6C22BA8464F00D9A0CE /* RNVICallManager.h */,
				F296F6C92BA8465000D9A0CE /* RNVICallManager.m */,
				F296F6BB2BA8464F00D9A0CE /* RNVICallModule.h */,
				F296F6B82BA8464F00D9A0CE /* RNVICallModule.m */,
				F296F6C12BA8464F00D9A0CE /* RNVICameraModule.h */,
				F296F6B92BA8464F00D9A0CE /* RNVICameraModule.m */,
				F296F6B42BA8464F00D9A0CE /* RNVIClientModule.h */,
				F296F6BE2BA8464F00D9A0CE /* RNVIClientModule.m */,
				F296F6C42BA8464F00D9A0CE /* RNVIConstants.h */,
				F296F6B12BA8464F00D9A0CE /* RNVIConstants.m */,
				F296F6B22BA8464F00D9A0CE /* RNVIMessagingModule.h */,
				F296F6C02BA8464F00D9A0CE /* RNVIMessagingModule.m */,
				F296F6C62BA8465000D9A0CE /* RNVIUtils.h */,
				F296F6BA2BA8464F00D9A0CE /* RNVIUtils.m */,
				F296F6C82BA8465000D9A0CE /* RNVIVideoView.h */,
				F296F6B52BA8464F00D9A0CE /* RNVIVideoView.mm */,
				F296F6C32BA8464F00D9A0CE /* RNVIVideoViewImpl.h */,
				F296F6BD2BA8464F00D9A0CE /* RNVIVideoViewImpl.m */,
				F296F6B32BA8464F00D9A0CE /* RNVIVideoViewManager.m */,
				134814211AA4EA7D00B7C361 /* Products */,
				B26F1CF422EB109A00535E6F /* libRNVoximplant.a */,
			);
			sourceTree = "<group>";
		};
/* End PBXGroup section */

/* Begin PBXNativeTarget section */
		B26F1CF322EB109A00535E6F /* RNVoximplant */ = {
			isa = PBXNativeTarget;
			buildConfigurationList = B26F1CFA22EB109A00535E6F /* Build configuration list for PBXNativeTarget "RNVoximplant" */;
			buildPhases = (
				B26F1CF022EB109A00535E6F /* Sources */,
				B26F1CF122EB109A00535E6F /* Frameworks */,
				B26F1CF222EB109A00535E6F /* CopyFiles */,
			);
			buildRules = (
			);
			dependencies = (
			);
			name = RNVoximplant;
			productName = RNVoximplant;
			productReference = B26F1CF422EB109A00535E6F /* libRNVoximplant.a */;
			productType = "com.apple.product-type.library.static";
		};
/* End PBXNativeTarget section */

/* Begin PBXProject section */
		58B511D31A9E6C8500147676 /* Project object */ = {
			isa = PBXProject;
			attributes = {
				LastUpgradeCheck = 0830;
				ORGANIZATIONNAME = Facebook;
				TargetAttributes = {
					B26F1CF322EB109A00535E6F = {
						CreatedOnToolsVersion = 10.3;
						DevelopmentTeam = 25S6X4YD96;
						ProvisioningStyle = Automatic;
					};
				};
			};
			buildConfigurationList = 58B511D61A9E6C8500147676 /* Build configuration list for PBXProject "RNVoximplant" */;
			compatibilityVersion = "Xcode 3.2";
			developmentRegion = English;
			hasScannedForEncodings = 0;
			knownRegions = (
				English,
				en,
			);
			mainGroup = 58B511D21A9E6C8500147676;
			productRefGroup = 58B511D21A9E6C8500147676;
			projectDirPath = "";
			projectRoot = "";
			targets = (
				B26F1CF322EB109A00535E6F /* RNVoximplant */,
			);
		};
/* End PBXProject section */

/* Begin PBXSourcesBuildPhase section */
		B26F1CF022EB109A00535E6F /* Sources */ = {
			isa = PBXSourcesBuildPhase;
			buildActionMask = 2147483647;
			files = (
				F296F6D32BA8465000D9A0CE /* RNVIAudioFileModule.m in Sources */,
				F296F6D22BA8465000D9A0CE /* RNVIClientModule.m in Sources */,
				F296F6CA2BA8465000D9A0CE /* RNVIConstants.m in Sources */,
				F296F6D42BA8465000D9A0CE /* RNVIMessagingModule.m in Sources */,
				F296F6D62BA8465000D9A0CE /* RNVICallManager.m in Sources */,
				F296F6CB2BA8465000D9A0CE /* RNVIVideoViewManager.m in Sources */,
				F296F6CD2BA8465000D9A0CE /* RNVICallModule.m in Sources */,
				F296F6CF2BA8465000D9A0CE /* RNVIUtils.m in Sources */,
				F296F6D02BA8465000D9A0CE /* RNVIAudioDeviceModule.m in Sources */,
				F296F6CE2BA8465000D9A0CE /* RNVICameraModule.m in Sources */,
				F296F6CC2BA8465000D9A0CE /* RNVIVideoView.mm in Sources */,
				F296F6D12BA8465000D9A0CE /* RNVIVideoViewImpl.m in Sources */,
				F296F6D52BA8465000D9A0CE /* RNVIAudioFileManager.m in Sources */,
			);
			runOnlyForDeploymentPostprocessing = 0;
		};
/* End PBXSourcesBuildPhase section */

/* Begin XCBuildConfiguration section */
		58B511ED1A9E6C8500147676 /* Debug */ = {
			isa = XCBuildConfiguration;
			buildSettings = {
				ALWAYS_SEARCH_USER_PATHS = NO;
				CLANG_CXX_LANGUAGE_STANDARD = "gnu++0x";
				CLANG_CXX_LIBRARY = "libc++";
				CLANG_ENABLE_MODULES = YES;
				CLANG_ENABLE_OBJC_ARC = YES;
				CLANG_WARN_BOOL_CONVERSION = YES;
				CLANG_WARN_CONSTANT_CONVERSION = YES;
				CLANG_WARN_DIRECT_OBJC_ISA_USAGE = YES_ERROR;
				CLANG_WARN_EMPTY_BODY = YES;
				CLANG_WARN_ENUM_CONVERSION = YES;
				CLANG_WARN_INFINITE_RECURSION = YES;
				CLANG_WARN_INT_CONVERSION = YES;
				CLANG_WARN_OBJC_ROOT_CLASS = YES_ERROR;
				CLANG_WARN_SUSPICIOUS_MOVE = YES;
				CLANG_WARN_UNREACHABLE_CODE = YES;
				CLANG_WARN__DUPLICATE_METHOD_MATCH = YES;
				COPY_PHASE_STRIP = NO;
				ENABLE_STRICT_OBJC_MSGSEND = YES;
				ENABLE_TESTABILITY = YES;
				GCC_C_LANGUAGE_STANDARD = gnu99;
				GCC_DYNAMIC_NO_PIC = NO;
				GCC_NO_COMMON_BLOCKS = YES;
				GCC_OPTIMIZATION_LEVEL = 0;
				GCC_PREPROCESSOR_DEFINITIONS = (
					"DEBUG=1",
					"$(inherited)",
				);
				GCC_SYMBOLS_PRIVATE_EXTERN = NO;
				GCC_WARN_64_TO_32_BIT_CONVERSION = YES;
				GCC_WARN_ABOUT_RETURN_TYPE = YES_ERROR;
				GCC_WARN_UNDECLARED_SELECTOR = YES;
				GCC_WARN_UNINITIALIZED_AUTOS = YES_AGGRESSIVE;
				GCC_WARN_UNUSED_FUNCTION = YES;
				GCC_WARN_UNUSED_VARIABLE = YES;
				IPHONEOS_DEPLOYMENT_TARGET = 8.0;
				MTL_ENABLE_DEBUG_INFO = YES;
				ONLY_ACTIVE_ARCH = YES;
				SDKROOT = iphoneos;
			};
			name = Debug;
		};
		58B511EE1A9E6C8500147676 /* Release */ = {
			isa = XCBuildConfiguration;
			buildSettings = {
				ALWAYS_SEARCH_USER_PATHS = NO;
				CLANG_CXX_LANGUAGE_STANDARD = "gnu++0x";
				CLANG_CXX_LIBRARY = "libc++";
				CLANG_ENABLE_MODULES = YES;
				CLANG_ENABLE_OBJC_ARC = YES;
				CLANG_WARN_BOOL_CONVERSION = YES;
				CLANG_WARN_CONSTANT_CONVERSION = YES;
				CLANG_WARN_DIRECT_OBJC_ISA_USAGE = YES_ERROR;
				CLANG_WARN_EMPTY_BODY = YES;
				CLANG_WARN_ENUM_CONVERSION = YES;
				CLANG_WARN_INFINITE_RECURSION = YES;
				CLANG_WARN_INT_CONVERSION = YES;
				CLANG_WARN_OBJC_ROOT_CLASS = YES_ERROR;
				CLANG_WARN_SUSPICIOUS_MOVE = YES;
				CLANG_WARN_UNREACHABLE_CODE = YES;
				CLANG_WARN__DUPLICATE_METHOD_MATCH = YES;
				COPY_PHASE_STRIP = YES;
				ENABLE_NS_ASSERTIONS = NO;
				ENABLE_STRICT_OBJC_MSGSEND = YES;
				GCC_C_LANGUAGE_STANDARD = gnu99;
				GCC_NO_COMMON_BLOCKS = YES;
				GCC_WARN_64_TO_32_BIT_CONVERSION = YES;
				GCC_WARN_ABOUT_RETURN_TYPE = YES_ERROR;
				GCC_WARN_UNDECLARED_SELECTOR = YES;
				GCC_WARN_UNINITIALIZED_AUTOS = YES_AGGRESSIVE;
				GCC_WARN_UNUSED_FUNCTION = YES;
				GCC_WARN_UNUSED_VARIABLE = YES;
				IPHONEOS_DEPLOYMENT_TARGET = 8.0;
				MTL_ENABLE_DEBUG_INFO = NO;
				SDKROOT = iphoneos;
				VALIDATE_PRODUCT = YES;
			};
			name = Release;
		};
		B26F1CFB22EB109A00535E6F /* Debug */ = {
			isa = XCBuildConfiguration;
			buildSettings = {
				CLANG_ANALYZER_NONNULL = YES;
				CLANG_ANALYZER_NUMBER_OBJECT_CONVERSION = YES_AGGRESSIVE;
				CLANG_CXX_LANGUAGE_STANDARD = "gnu++14";
				CLANG_ENABLE_OBJC_WEAK = YES;
				CLANG_WARN_BLOCK_CAPTURE_AUTORELEASING = YES;
				CLANG_WARN_COMMA = YES;
				CLANG_WARN_DEPRECATED_OBJC_IMPLEMENTATIONS = YES;
				CLANG_WARN_DOCUMENTATION_COMMENTS = YES;
				CLANG_WARN_NON_LITERAL_NULL_CONVERSION = YES;
				CLANG_WARN_OBJC_IMPLICIT_RETAIN_SELF = YES;
				CLANG_WARN_OBJC_LITERAL_CONVERSION = YES;
				CLANG_WARN_RANGE_LOOP_ANALYSIS = YES;
				CLANG_WARN_STRICT_PROTOTYPES = YES;
				CLANG_WARN_UNGUARDED_AVAILABILITY = YES_AGGRESSIVE;
				CODE_SIGN_IDENTITY = "iPhone Developer";
				CODE_SIGN_STYLE = Automatic;
				DEBUG_INFORMATION_FORMAT = dwarf;
				DEVELOPMENT_TEAM = 25S6X4YD96;
				ENABLE_BITCODE = NO;
				GCC_C_LANGUAGE_STANDARD = gnu11;
				IPHONEOS_DEPLOYMENT_TARGET = 12.4;
				MTL_ENABLE_DEBUG_INFO = INCLUDE_SOURCE;
				MTL_FAST_MATH = YES;
				OTHER_LDFLAGS = "-ObjC";
				PRODUCT_NAME = "$(TARGET_NAME)";
				SKIP_INSTALL = YES;
				TARGETED_DEVICE_FAMILY = "1,2";
			};
			name = Debug;
		};
		B26F1CFC22EB109A00535E6F /* Release */ = {
			isa = XCBuildConfiguration;
			buildSettings = {
				CLANG_ANALYZER_NONNULL = YES;
				CLANG_ANALYZER_NUMBER_OBJECT_CONVERSION = YES_AGGRESSIVE;
				CLANG_CXX_LANGUAGE_STANDARD = "gnu++14";
				CLANG_ENABLE_OBJC_WEAK = YES;
				CLANG_WARN_BLOCK_CAPTURE_AUTORELEASING = YES;
				CLANG_WARN_COMMA = YES;
				CLANG_WARN_DEPRECATED_OBJC_IMPLEMENTATIONS = YES;
				CLANG_WARN_DOCUMENTATION_COMMENTS = YES;
				CLANG_WARN_NON_LITERAL_NULL_CONVERSION = YES;
				CLANG_WARN_OBJC_IMPLICIT_RETAIN_SELF = YES;
				CLANG_WARN_OBJC_LITERAL_CONVERSION = YES;
				CLANG_WARN_RANGE_LOOP_ANALYSIS = YES;
				CLANG_WARN_STRICT_PROTOTYPES = YES;
				CLANG_WARN_UNGUARDED_AVAILABILITY = YES_AGGRESSIVE;
				CODE_SIGN_IDENTITY = "iPhone Developer";
				CODE_SIGN_STYLE = Automatic;
				COPY_PHASE_STRIP = NO;
				DEBUG_INFORMATION_FORMAT = "dwarf-with-dsym";
				DEVELOPMENT_TEAM = 25S6X4YD96;
				ENABLE_BITCODE = NO;
				GCC_C_LANGUAGE_STANDARD = gnu11;
				IPHONEOS_DEPLOYMENT_TARGET = 12.4;
				MTL_FAST_MATH = YES;
				OTHER_LDFLAGS = "-ObjC";
				PRODUCT_NAME = "$(TARGET_NAME)";
				SKIP_INSTALL = YES;
				TARGETED_DEVICE_FAMILY = "1,2";
			};
			name = Release;
		};
/* End XCBuildConfiguration section */

/* Begin XCConfigurationList section */
		58B511D61A9E6C8500147676 /* Build configuration list for PBXProject "RNVoximplant" */ = {
			isa = XCConfigurationList;
			buildConfigurations = (
				58B511ED1A9E6C8500147676 /* Debug */,
				58B511EE1A9E6C8500147676 /* Release */,
			);
			defaultConfigurationIsVisible = 0;
			defaultConfigurationName = Release;
		};
		B26F1CFA22EB109A00535E6F /* Build configuration list for PBXNativeTarget "RNVoximplant" */ = {
			isa = XCConfigurationList;
			buildConfigurations = (
				B26F1CFB22EB109A00535E6F /* Debug */,
				B26F1CFC22EB109A00535E6F /* Release */,
			);
			defaultConfigurationIsVisible = 0;
			defaultConfigurationName = Release;
		};
/* End XCConfigurationList section */
	};
	rootObject = 58B511D31A9E6C8500147676 /* Project object */;
}
