// !$*UTF8*$!
{
	archiveVersion = 1;
	classes = {
	};
	objectVersion = 46;
	objects = {

/* Begin PBXBuildFile section */
		BB10006C1B6A4F74006E6734 /* VoxImplantModule.m in Sources */ = {isa = PBXBuildFile; fileRef = BB1000671B6A4F74006E6734 /* VoxImplantModule.m */; };
		BB10006D1B6A4F74006E6734 /* VoxView.m in Sources */ = {isa = PBXBuildFile; fileRef = BB1000691B6A4F74006E6734 /* VoxView.m */; };
		BB10006E1B6A4F74006E6734 /* VoxViewManager.m in Sources */ = {isa = PBXBuildFile; fileRef = BB10006B1B6A4F74006E6734 /* VoxViewManager.m */; };
		BB5779051ACEBBC000F4F8F1 /* libVoxImplant.a in Frameworks */ = {isa = PBXBuildFile; fileRef = BB5778F91ACEBBC000F4F8F1 /* libVoxImplant.a */; };
/* End PBXBuildFile section */

/* Begin PBXContainerItemProxy section */
		BB5779061ACEBBC000F4F8F1 /* PBXContainerItemProxy */ = {
			isa = PBXContainerItemProxy;
			containerPortal = BB5778F11ACEBBC000F4F8F1 /* Project object */;
			proxyType = 1;
			remoteGlobalIDString = BB5778F81ACEBBC000F4F8F1;
			remoteInfo = VoxImplant;
		};
/* End PBXContainerItemProxy section */

/* Begin PBXCopyFilesBuildPhase section */
		BB5778F71ACEBBC000F4F8F1 /* CopyFiles */ = {
			isa = PBXCopyFilesBuildPhase;
			buildActionMask = 2147483647;
			dstPath = "include/$(PRODUCT_NAME)";
			dstSubfolderSpec = 16;
			files = (
			);
			runOnlyForDeploymentPostprocessing = 0;
		};
/* End PBXCopyFilesBuildPhase section */

/* Begin PBXFileReference section */
		BB1000661B6A4F74006E6734 /* VoxImplantModule.h */ = {isa = PBXFileReference; fileEncoding = 4; lastKnownFileType = sourcecode.c.h; path = VoxImplantModule.h; sourceTree = "<group>"; };
		BB1000671B6A4F74006E6734 /* VoxImplantModule.m */ = {isa = PBXFileReference; fileEncoding = 4; lastKnownFileType = sourcecode.c.objc; path = VoxImplantModule.m; sourceTree = "<group>"; };
		BB1000681B6A4F74006E6734 /* VoxView.h */ = {isa = PBXFileReference; fileEncoding = 4; lastKnownFileType = sourcecode.c.h; path = VoxView.h; sourceTree = "<group>"; };
		BB1000691B6A4F74006E6734 /* VoxView.m */ = {isa = PBXFileReference; fileEncoding = 4; lastKnownFileType = sourcecode.c.objc; path = VoxView.m; sourceTree = "<group>"; };
		BB10006A1B6A4F74006E6734 /* VoxViewManager.h */ = {isa = PBXFileReference; fileEncoding = 4; lastKnownFileType = sourcecode.c.h; path = VoxViewManager.h; sourceTree = "<group>"; };
		BB10006B1B6A4F74006E6734 /* VoxViewManager.m */ = {isa = PBXFileReference; fileEncoding = 4; lastKnownFileType = sourcecode.c.objc; path = VoxViewManager.m; sourceTree = "<group>"; };
		BB5778F91ACEBBC000F4F8F1 /* libVoxImplant.a */ = {isa = PBXFileReference; explicitFileType = archive.ar; includeInIndex = 0; path = libVoxImplant.a; sourceTree = BUILT_PRODUCTS_DIR; };
		BB5779041ACEBBC000F4F8F1 /* VoxImplantTests.xctest */ = {isa = PBXFileReference; explicitFileType = wrapper.cfbundle; includeInIndex = 0; path = VoxImplantTests.xctest; sourceTree = BUILT_PRODUCTS_DIR; };
		BB57790A1ACEBBC000F4F8F1 /* Info.plist */ = {isa = PBXFileReference; lastKnownFileType = text.plist.xml; path = Info.plist; sourceTree = "<group>"; };
/* End PBXFileReference section */

/* Begin PBXFrameworksBuildPhase section */
		BB5778F61ACEBBC000F4F8F1 /* Frameworks */ = {
			isa = PBXFrameworksBuildPhase;
			buildActionMask = 2147483647;
			files = (
			);
			runOnlyForDeploymentPostprocessing = 0;
		};
		BB5779011ACEBBC000F4F8F1 /* Frameworks */ = {
			isa = PBXFrameworksBuildPhase;
			buildActionMask = 2147483647;
			files = (
				BB5779051ACEBBC000F4F8F1 /* libVoxImplant.a in Frameworks */,
			);
			runOnlyForDeploymentPostprocessing = 0;
		};
/* End PBXFrameworksBuildPhase section */

/* Begin PBXGroup section */
		BB5778F01ACEBBC000F4F8F1 = {
			isa = PBXGroup;
			children = (
				BB1000661B6A4F74006E6734 /* VoxImplantModule.h */,
				BB1000671B6A4F74006E6734 /* VoxImplantModule.m */,
				BB1000681B6A4F74006E6734 /* VoxView.h */,
				BB1000691B6A4F74006E6734 /* VoxView.m */,
				BB10006A1B6A4F74006E6734 /* VoxViewManager.h */,
				BB10006B1B6A4F74006E6734 /* VoxViewManager.m */,
				BB5779081ACEBBC000F4F8F1 /* VoxImplantTests */,
				BB5778FA1ACEBBC000F4F8F1 /* Products */,
			);
			sourceTree = "<group>";
		};
		BB5778FA1ACEBBC000F4F8F1 /* Products */ = {
			isa = PBXGroup;
			children = (
				BB5778F91ACEBBC000F4F8F1 /* libVoxImplant.a */,
				BB5779041ACEBBC000F4F8F1 /* VoxImplantTests.xctest */,
			);
			name = Products;
			sourceTree = "<group>";
		};
		BB5779081ACEBBC000F4F8F1 /* VoxImplantTests */ = {
			isa = PBXGroup;
			children = (
				BB5779091ACEBBC000F4F8F1 /* Supporting Files */,
			);
			path = VoxImplantTests;
			sourceTree = "<group>";
		};
		BB5779091ACEBBC000F4F8F1 /* Supporting Files */ = {
			isa = PBXGroup;
			children = (
				BB57790A1ACEBBC000F4F8F1 /* Info.plist */,
			);
			name = "Supporting Files";
			sourceTree = "<group>";
		};
/* End PBXGroup section */

/* Begin PBXNativeTarget section */
		BB5778F81ACEBBC000F4F8F1 /* VoxImplant */ = {
			isa = PBXNativeTarget;
			buildConfigurationList = BB57790D1ACEBBC000F4F8F1 /* Build configuration list for PBXNativeTarget "VoxImplant" */;
			buildPhases = (
				BB5778F51ACEBBC000F4F8F1 /* Sources */,
				BB5778F61ACEBBC000F4F8F1 /* Frameworks */,
				BB5778F71ACEBBC000F4F8F1 /* CopyFiles */,
			);
			buildRules = (
			);
			dependencies = (
			);
			name = VoxImplant;
			productName = VoxImplant;
			productReference = BB5778F91ACEBBC000F4F8F1 /* libVoxImplant.a */;
			productType = "com.apple.product-type.library.static";
		};
		BB5779031ACEBBC000F4F8F1 /* VoxImplantTests */ = {
			isa = PBXNativeTarget;
			buildConfigurationList = BB5779101ACEBBC000F4F8F1 /* Build configuration list for PBXNativeTarget "VoxImplantTests" */;
			buildPhases = (
				BB5779001ACEBBC000F4F8F1 /* Sources */,
				BB5779011ACEBBC000F4F8F1 /* Frameworks */,
				BB5779021ACEBBC000F4F8F1 /* Resources */,
			);
			buildRules = (
			);
			dependencies = (
				BB5779071ACEBBC000F4F8F1 /* PBXTargetDependency */,
			);
			name = VoxImplantTests;
			productName = VoxImplantTests;
			productReference = BB5779041ACEBBC000F4F8F1 /* VoxImplantTests.xctest */;
			productType = "com.apple.product-type.bundle.unit-test";
		};
/* End PBXNativeTarget section */

/* Begin PBXProject section */
		BB5778F11ACEBBC000F4F8F1 /* Project object */ = {
			isa = PBXProject;
			attributes = {
				LastUpgradeCheck = 0620;
				ORGANIZATIONNAME = Zingaya;
				TargetAttributes = {
					BB5778F81ACEBBC000F4F8F1 = {
						CreatedOnToolsVersion = 6.2;
					};
					BB5779031ACEBBC000F4F8F1 = {
						CreatedOnToolsVersion = 6.2;
					};
				};
			};
			buildConfigurationList = BB5778F41ACEBBC000F4F8F1 /* Build configuration list for PBXProject "VoxImplant" */;
			compatibilityVersion = "Xcode 3.2";
			developmentRegion = English;
			hasScannedForEncodings = 0;
			knownRegions = (
				en,
			);
			mainGroup = BB5778F01ACEBBC000F4F8F1;
			productRefGroup = BB5778FA1ACEBBC000F4F8F1 /* Products */;
			projectDirPath = "";
			projectRoot = "";
			targets = (
				BB5778F81ACEBBC000F4F8F1 /* VoxImplant */,
				BB5779031ACEBBC000F4F8F1 /* VoxImplantTests */,
			);
		};
/* End PBXProject section */

/* Begin PBXResourcesBuildPhase section */
		BB5779021ACEBBC000F4F8F1 /* Resources */ = {
			isa = PBXResourcesBuildPhase;
			buildActionMask = 2147483647;
			files = (
			);
			runOnlyForDeploymentPostprocessing = 0;
		};
/* End PBXResourcesBuildPhase section */

/* Begin PBXSourcesBuildPhase section */
		BB5778F51ACEBBC000F4F8F1 /* Sources */ = {
			isa = PBXSourcesBuildPhase;
			buildActionMask = 2147483647;
			files = (
				BB10006E1B6A4F74006E6734 /* VoxViewManager.m in Sources */,
				BB10006D1B6A4F74006E6734 /* VoxView.m in Sources */,
				BB10006C1B6A4F74006E6734 /* VoxImplantModule.m in Sources */,
			);
			runOnlyForDeploymentPostprocessing = 0;
		};
		BB5779001ACEBBC000F4F8F1 /* Sources */ = {
			isa = PBXSourcesBuildPhase;
			buildActionMask = 2147483647;
			files = (
			);
			runOnlyForDeploymentPostprocessing = 0;
		};
/* End PBXSourcesBuildPhase section */

/* Begin PBXTargetDependency section */
		BB5779071ACEBBC000F4F8F1 /* PBXTargetDependency */ = {
			isa = PBXTargetDependency;
			target = BB5778F81ACEBBC000F4F8F1 /* VoxImplant */;
			targetProxy = BB5779061ACEBBC000F4F8F1 /* PBXContainerItemProxy */;
		};
/* End PBXTargetDependency section */

/* Begin XCBuildConfiguration section */
		BB57790B1ACEBBC000F4F8F1 /* Debug */ = {
			isa = XCBuildConfiguration;
			buildSettings = {
				ALWAYS_SEARCH_USER_PATHS = NO;
				CLANG_CXX_LANGUAGE_STANDARD = "gnu++0x";
				CLANG_CXX_LIBRARY = "libc++";
				CLANG_ENABLE_MODULES = YES;
				CLANG_ENABLE_OBJC_ARC = YES;
				CLANG_WARN_BOOL_CONVERSION = YES;
				CLANG_WARN_CONSTANT_CONVERSION = YES;
				CLANG_WARN_DIRECT_OBJC_ISA_USAGE = YES_ERROR;
				CLANG_WARN_EMPTY_BODY = YES;
				CLANG_WARN_ENUM_CONVERSION = YES;
				CLANG_WARN_INT_CONVERSION = YES;
				CLANG_WARN_OBJC_ROOT_CLASS = YES_ERROR;
				CLANG_WARN_UNREACHABLE_CODE = YES;
				CLANG_WARN__DUPLICATE_METHOD_MATCH = YES;
				COPY_PHASE_STRIP = NO;
				ENABLE_STRICT_OBJC_MSGSEND = YES;
				GCC_C_LANGUAGE_STANDARD = gnu99;
				GCC_DYNAMIC_NO_PIC = NO;
				GCC_ENABLE_CPP_EXCEPTIONS = NO;
				GCC_ENABLE_CPP_RTTI = NO;
				GCC_OPTIMIZATION_LEVEL = 0;
				GCC_PREPROCESSOR_DEFINITIONS = (
					"DEBUG=1",
					"$(inherited)",
				);
				GCC_SYMBOLS_PRIVATE_EXTERN = NO;
				GCC_WARN_64_TO_32_BIT_CONVERSION = YES;
				GCC_WARN_ABOUT_RETURN_TYPE = YES_ERROR;
				GCC_WARN_UNDECLARED_SELECTOR = YES;
				GCC_WARN_UNINITIALIZED_AUTOS = YES_AGGRESSIVE;
				GCC_WARN_UNUSED_FUNCTION = YES;
				GCC_WARN_UNUSED_VARIABLE = YES;
				HEADER_SEARCH_PATHS = (
					"$(inherited)",
					/Applications/Xcode.app/Contents/Developer/Toolchains/XcodeDefault.xctoolchain/usr/include,
					"$(SRCROOT)/../../React/**",
					"$(SRCROOT)/../react-native/React/**",
					VoxImplantSDK/include,
				);
				IPHONEOS_DEPLOYMENT_TARGET = 8.2;
				MTL_ENABLE_DEBUG_INFO = YES;
				ONLY_ACTIVE_ARCH = YES;
				SDKROOT = iphoneos;
			};
			name = Debug;
		};
		BB57790C1ACEBBC000F4F8F1 /* Release */ = {
			isa = XCBuildConfiguration;
			buildSettings = {
				ALWAYS_SEARCH_USER_PATHS = NO;
				CLANG_CXX_LANGUAGE_STANDARD = "gnu++0x";
				CLANG_CXX_LIBRARY = "libc++";
				CLANG_ENABLE_MODULES = YES;
				CLANG_ENABLE_OBJC_ARC = YES;
				CLANG_WARN_BOOL_CONVERSION = YES;
				CLANG_WARN_CONSTANT_CONVERSION = YES;
				CLANG_WARN_DIRECT_OBJC_ISA_USAGE = YES_ERROR;
				CLANG_WARN_EMPTY_BODY = YES;
				CLANG_WARN_ENUM_CONVERSION = YES;
				CLANG_WARN_INT_CONVERSION = YES;
				CLANG_WARN_OBJC_ROOT_CLASS = YES_ERROR;
				CLANG_WARN_UNREACHABLE_CODE = YES;
				CLANG_WARN__DUPLICATE_METHOD_MATCH = YES;
				COPY_PHASE_STRIP = NO;
				ENABLE_NS_ASSERTIONS = NO;
				ENABLE_STRICT_OBJC_MSGSEND = YES;
				GCC_C_LANGUAGE_STANDARD = gnu99;
				GCC_ENABLE_CPP_EXCEPTIONS = NO;
				GCC_ENABLE_CPP_RTTI = NO;
				GCC_WARN_64_TO_32_BIT_CONVERSION = YES;
				GCC_WARN_ABOUT_RETURN_TYPE = YES_ERROR;
				GCC_WARN_UNDECLARED_SELECTOR = YES;
				GCC_WARN_UNINITIALIZED_AUTOS = YES_AGGRESSIVE;
				GCC_WARN_UNUSED_FUNCTION = YES;
				GCC_WARN_UNUSED_VARIABLE = YES;
				HEADER_SEARCH_PATHS = (
					"$(inherited)",
					/Applications/Xcode.app/Contents/Developer/Toolchains/XcodeDefault.xctoolchain/usr/include,
					"$(SRCROOT)/../../React/**",
					"$(SRCROOT)/../react-native/React/**",
					VoxImplantSDK/include,
				);
				IPHONEOS_DEPLOYMENT_TARGET = 8.2;
				MTL_ENABLE_DEBUG_INFO = NO;
				SDKROOT = iphoneos;
				VALIDATE_PRODUCT = YES;
			};
			name = Release;
		};
		BB57790E1ACEBBC000F4F8F1 /* Debug */ = {
			isa = XCBuildConfiguration;
			buildSettings = {
				HEADER_SEARCH_PATHS = (
					"$(inherited)",
					/Applications/Xcode.app/Contents/Developer/Toolchains/XcodeDefault.xctoolchain/usr/include,
					"$(SRCROOT)/../../React/Base",
					"$(SRCROOT)/../../React/Views",
				);
				LIBRARY_SEARCH_PATHS = (
					"$(inherited)",
					"$(USER_LIBRARY_DIR)/Developer/Xcode/DerivedData/AwesomeProject-fglwfwixkxcqvxhbfxujfaqfdffg/Build/Products/Debug-iphoneos",
					"$(PROJECT_DIR)/VoxImplantSDK/lib",
				);
				OTHER_LDFLAGS = "-ObjC";
				PRODUCT_NAME = "$(TARGET_NAME)";
				SKIP_INSTALL = YES;
			};
			name = Debug;
		};
		BB57790F1ACEBBC000F4F8F1 /* Release */ = {
			isa = XCBuildConfiguration;
			buildSettings = {
				HEADER_SEARCH_PATHS = (
					"$(inherited)",
					/Applications/Xcode.app/Contents/Developer/Toolchains/XcodeDefault.xctoolchain/usr/include,
					"$(SRCROOT)/../../React/Base",
					"$(SRCROOT)/../../React/Views",
				);
				LIBRARY_SEARCH_PATHS = (
					"$(inherited)",
					"$(USER_LIBRARY_DIR)/Developer/Xcode/DerivedData/AwesomeProject-fglwfwixkxcqvxhbfxujfaqfdffg/Build/Products/Debug-iphoneos",
					"$(PROJECT_DIR)/VoxImplantSDK/lib",
				);
				OTHER_LDFLAGS = "-ObjC";
				PRODUCT_NAME = "$(TARGET_NAME)";
				SKIP_INSTALL = YES;
			};
			name = Release;
		};
		BB5779111ACEBBC000F4F8F1 /* Debug */ = {
			isa = XCBuildConfiguration;
			buildSettings = {
				FRAMEWORK_SEARCH_PATHS = (
					"$(SDKROOT)/Developer/Library/Frameworks",
					"$(inherited)",
				);
				GCC_PREPROCESSOR_DEFINITIONS = (
					"DEBUG=1",
					"$(inherited)",
				);
				INFOPLIST_FILE = VoxImplantTests/Info.plist;
				LD_RUNPATH_SEARCH_PATHS = "$(inherited) @executable_path/Frameworks @loader_path/Frameworks";
				PRODUCT_NAME = "$(TARGET_NAME)";
			};
			name = Debug;
		};
		BB5779121ACEBBC000F4F8F1 /* Release */ = {
			isa = XCBuildConfiguration;
			buildSettings = {
				FRAMEWORK_SEARCH_PATHS = (
					"$(SDKROOT)/Developer/Library/Frameworks",
					"$(inherited)",
				);
				INFOPLIST_FILE = VoxImplantTests/Info.plist;
				LD_RUNPATH_SEARCH_PATHS = "$(inherited) @executable_path/Frameworks @loader_path/Frameworks";
				PRODUCT_NAME = "$(TARGET_NAME)";
			};
			name = Release;
		};
/* End XCBuildConfiguration section */

/* Begin XCConfigurationList section */
		BB5778F41ACEBBC000F4F8F1 /* Build configuration list for PBXProject "VoxImplant" */ = {
			isa = XCConfigurationList;
			buildConfigurations = (
				BB57790B1ACEBBC000F4F8F1 /* Debug */,
				BB57790C1ACEBBC000F4F8F1 /* Release */,
			);
			defaultConfigurationIsVisible = 0;
			defaultConfigurationName = Release;
		};
		BB57790D1ACEBBC000F4F8F1 /* Build configuration list for PBXNativeTarget "VoxImplant" */ = {
			isa = XCConfigurationList;
			buildConfigurations = (
				BB57790E1ACEBBC000F4F8F1 /* Debug */,
				BB57790F1ACEBBC000F4F8F1 /* Release */,
			);
			defaultConfigurationIsVisible = 0;
			defaultConfigurationName = Release;
		};
		BB5779101ACEBBC000F4F8F1 /* Build configuration list for PBXNativeTarget "VoxImplantTests" */ = {
			isa = XCConfigurationList;
			buildConfigurations = (
				BB5779111ACEBBC000F4F8F1 /* Debug */,
				BB5779121ACEBBC000F4F8F1 /* Release */,
			);
			defaultConfigurationIsVisible = 0;
			defaultConfigurationName = Release;
		};
/* End XCConfigurationList section */
	};
	rootObject = BB5778F11ACEBBC000F4F8F1 /* Project object */;
}
